<Solution>
  <Project Path="AuthService/AuthService.csproj" />
  <Project Path="Customer360Service/backend.csproj" />
  <Project Path="LeadService/LeadManagement.Api.csproj" />
  <Project Path="AuthService.Tests/AuthService.Tests.csproj" />
  <Project Path="LeadService.Tests/LeadService.Tests.csproj" />
  <Project Path="Customer360Service.Tests/Customer360Service.Tests.csproj" />
  <Project Path="ProductsService/ProductMarketplace.Api.csproj" />
  <Project Path="ProductsService/src/ProductMarketplace.Domain/ProductMarketplace.Domain.csproj" />
  <Project Path="ProductsService/src/ProductMarketplace.Application/ProductMarketplace.Application.csproj" />
  <Project Path="ProductsService/src/ProductMarketplace.Infrastructure/ProductMarketplace.Infrastructure.csproj" />
  <Project Path="ProductsService.Tests/ProductsService.Tests.csproj" />
  <Project Path="Shared/OmniConnect.Validation/OmniConnect.Validation.csproj" />
  <Project Path="LoadTest/OmniConnect.LoadTest/OmniConnect.LoadTest.csproj" />
</Solution>
